// !$*UTF8*$!
{
	archiveVersion = 1;
	classes = {
	};
	objectVersion = 56;
	objects = {

/* Begin PBXBuildFile section */
		A63E44142A7976D200233EB8 /* SortingHatApp.swift in Sources */ = {isa = PBXBuildFile; fileRef = A63E44132A7976D200233EB8 /* SortingHatApp.swift */; };
		A63E44162A7976D200233EB8 /* ContentView.swift in Sources */ = {isa = PBXBuildFile; fileRef = A63E44152A7976D200233EB8 /* ContentView.swift */; };
		A63E44182A7976D300233EB8 /* Assets.xcassets in Resources */ = {isa = PBXBuildFile; fileRef = A63E44172A7976D300233EB8 /* Assets.xcassets */; };
		A63E441B2A7976D300233EB8 /* Preview Assets.xcassets in Resources */ = {isa = PBXBuildFile; fileRef = A63E441A2A7976D300233EB8 /* Preview Assets.xcassets */; };
		A63E44222A797B8B00233EB8 /* Learner.swift in Sources */ = {isa = PBXBuildFile; fileRef = A63E44212A797B8B00233EB8 /* Learner.swift */; };
		A63E44242A79828D00233EB8 /* StudentRandomizer.swift in Sources */ = {isa = PBXBuildFile; fileRef = A63E44232A79828D00233EB8 /* StudentRandomizer.swift */; };
		A63E44262A7982AB00233EB8 /* Array+Extension.swift in Sources */ = {isa = PBXBuildFile; fileRef = A63E44252A7982AB00233EB8 /* Array+Extension.swift */; };
		A63E442A2A7982CE00233EB8 /* Team.swift in Sources */ = {isa = PBXBuildFile; fileRef = A63E44292A7982CE00233EB8 /* Team.swift */; };
		A63E44322A79882000233EB8 /* SortingHatTests.swift in Sources */ = {isa = PBXBuildFile; fileRef = A63E44312A79882000233EB8 /* SortingHatTests.swift */; };
		A63E44392A79883700233EB8 /* StudentRandomizerTests.swift in Sources */ = {isa = PBXBuildFile; fileRef = A63E44382A79883700233EB8 /* StudentRandomizerTests.swift */; };
/* End PBXBuildFile section */

/* Begin PBXContainerItemProxy section */
		A63E44332A79882000233EB8 /* PBXContainerItemProxy */ = {
			isa = PBXContainerItemProxy;
			containerPortal = A63E44082A7976D200233EB8 /* Project object */;
			proxyType = 1;
			remoteGlobalIDString = A63E440F2A7976D200233EB8;
			remoteInfo = SortingHat;
		};
/* End PBXContainerItemProxy section */

/* Begin PBXFileReference section */
		A63E44102A7976D200233EB8 /* SortingHat.app */ = {isa = PBXFileReference; explicitFileType = wrapper.application; includeInIndex = 0; path = SortingHat.app; sourceTree = BUILT_PRODUCTS_DIR; };
		A63E44132A7976D200233EB8 /* SortingHatApp.swift */ = {isa = PBXFileReference; lastKnownFileType = sourcecode.swift; path = SortingHatApp.swift; sourceTree = "<group>"; };
		A63E44152A7976D200233EB8 /* ContentView.swift */ = {isa = PBXFileReference; lastKnownFileType = sourcecode.swift; path = ContentView.swift; sourceTree = "<group>"; };
		A63E44172A7976D300233EB8 /* Assets.xcassets */ = {isa = PBXFileReference; lastKnownFileType = folder.assetcatalog; path = Assets.xcassets; sourceTree = "<group>"; };
		A63E441A2A7976D300233EB8 /* Preview Assets.xcassets */ = {isa = PBXFileReference; lastKnownFileType = folder.assetcatalog; path = "Preview Assets.xcassets"; sourceTree = "<group>"; };
		A63E44212A797B8B00233EB8 /* Learner.swift */ = {isa = PBXFileReference; lastKnownFileType = sourcecode.swift; path = Learner.swift; sourceTree = "<group>"; };
		A63E44232A79828D00233EB8 /* StudentRandomizer.swift */ = {isa = PBXFileReference; lastKnownFileType = sourcecode.swift; path = StudentRandomizer.swift; sourceTree = "<group>"; };
		A63E44252A7982AB00233EB8 /* Array+Extension.swift */ = {isa = PBXFileReference; lastKnownFileType = sourcecode.swift; path = "Array+Extension.swift"; sourceTree = "<group>"; };
		A63E44292A7982CE00233EB8 /* Team.swift */ = {isa = PBXFileReference; lastKnownFileType = sourcecode.swift; path = Team.swift; sourceTree = "<group>"; };
		A63E442F2A79882000233EB8 /* SortingHatTests.xctest */ = {isa = PBXFileReference; explicitFileType = wrapper.cfbundle; includeInIndex = 0; path = SortingHatTests.xctest; sourceTree = BUILT_PRODUCTS_DIR; };
		A63E44312A79882000233EB8 /* SortingHatTests.swift */ = {isa = PBXFileReference; lastKnownFileType = sourcecode.swift; path = SortingHatTests.swift; sourceTree = "<group>"; };
		A63E44382A79883700233EB8 /* StudentRandomizerTests.swift */ = {isa = PBXFileReference; lastKnownFileType = sourcecode.swift; path = StudentRandomizerTests.swift; sourceTree = "<group>"; };
/* End PBXFileReference section */

/* Begin PBXFrameworksBuildPhase section */
		A63E440D2A7976D200233EB8 /* Frameworks */ = {
			isa = PBXFrameworksBuildPhase;
			buildActionMask = 2147483647;
			files = (
			);
			runOnlyForDeploymentPostprocessing = 0;
		};
		A63E442C2A79882000233EB8 /* Frameworks */ = {
			isa = PBXFrameworksBuildPhase;
			buildActionMask = 2147483647;
			files = (
			);
			runOnlyForDeploymentPostprocessing = 0;
		};
/* End PBXFrameworksBuildPhase section */

/* Begin PBXGroup section */
		A63E44072A7976D200233EB8 = {
			isa = PBXGroup;
			children = (
				A63E44122A7976D200233EB8 /* SortingHat */,
				A63E44302A79882000233EB8 /* SortingHatTests */,
				A63E44112A7976D200233EB8 /* Products */,
			);
			sourceTree = "<group>";
		};
		A63E44112A7976D200233EB8 /* Products */ = {
			isa = PBXGroup;
			children = (
				A63E44102A7976D200233EB8 /* SortingHat.app */,
				A63E442F2A79882000233EB8 /* SortingHatTests.xctest */,
			);
			name = Products;
			sourceTree = "<group>";
		};
		A63E44122A7976D200233EB8 /* SortingHat */ = {
			isa = PBXGroup;
			children = (
				A63E44132A7976D200233EB8 /* SortingHatApp.swift */,
				A63E44152A7976D200233EB8 /* ContentView.swift */,
				A63E44282A7982BA00233EB8 /* Models */,
				A63E44232A79828D00233EB8 /* StudentRandomizer.swift */,
				A63E44272A7982B000233EB8 /* Extensions */,
				A63E44172A7976D300233EB8 /* Assets.xcassets */,
				A63E44192A7976D300233EB8 /* Preview Content */,
			);
			path = SortingHat;
			sourceTree = "<group>";
		};
		A63E44192A7976D300233EB8 /* Preview Content */ = {
			isa = PBXGroup;
			children = (
				A63E441A2A7976D300233EB8 /* Preview Assets.xcassets */,
			);
			path = "Preview Content";
			sourceTree = "<group>";
		};
		A63E44272A7982B000233EB8 /* Extensions */ = {
			isa = PBXGroup;
			children = (
				A63E44252A7982AB00233EB8 /* Array+Extension.swift */,
			);
			path = Extensions;
			sourceTree = "<group>";
		};
		A63E44282A7982BA00233EB8 /* Models */ = {
			isa = PBXGroup;
			children = (
				A63E44212A797B8B00233EB8 /* Learner.swift */,
				A63E44292A7982CE00233EB8 /* Team.swift */,
			);
			path = Models;
			sourceTree = "<group>";
		};
		A63E44302A79882000233EB8 /* SortingHatTests */ = {
			isa = PBXGroup;
			children = (
				A63E44312A79882000233EB8 /* SortingHatTests.swift */,
				A63E44382A79883700233EB8 /* StudentRandomizerTests.swift */,
			);
			path = SortingHatTests;
			sourceTree = "<group>";
		};
/* End PBXGroup section */

/* Begin PBXNativeTarget section */
		A63E440F2A7976D200233EB8 /* SortingHat */ = {
			isa = PBXNativeTarget;
			buildConfigurationList = A63E441E2A7976D300233EB8 /* Build configuration list for PBXNativeTarget "SortingHat" */;
			buildPhases = (
				A63E440C2A7976D200233EB8 /* Sources */,
				A63E440D2A7976D200233EB8 /* Frameworks */,
				A63E440E2A7976D200233EB8 /* Resources */,
			);
			buildRules = (
			);
			dependencies = (
			);
			name = SortingHat;
			productName = SortingHat;
			productReference = A63E44102A7976D200233EB8 /* SortingHat.app */;
			productType = "com.apple.product-type.application";
		};
		A63E442E2A79882000233EB8 /* SortingHatTests */ = {
			isa = PBXNativeTarget;
			buildConfigurationList = A63E44352A79882000233EB8 /* Build configuration list for PBXNativeTarget "SortingHatTests" */;
			buildPhases = (
				A63E442B2A79882000233EB8 /* Sources */,
				A63E442C2A79882000233EB8 /* Frameworks */,
				A63E442D2A79882000233EB8 /* Resources */,
			);
			buildRules = (
			);
			dependencies = (
				A63E44342A79882000233EB8 /* PBXTargetDependency */,
			);
			name = SortingHatTests;
			productName = SortingHatTests;
			productReference = A63E442F2A79882000233EB8 /* SortingHatTests.xctest */;
			productType = "com.apple.product-type.bundle.unit-test";
		};
/* End PBXNativeTarget section */

/* Begin PBXProject section */
		A63E44082A7976D200233EB8 /* Project object */ = {
			isa = PBXProject;
			attributes = {
				BuildIndependentTargetsInParallel = 1;
				LastSwiftUpdateCheck = 1430;
				LastUpgradeCheck = 1430;
				TargetAttributes = {
					A63E440F2A7976D200233EB8 = {
						CreatedOnToolsVersion = 14.3.1;
					};
					A63E442E2A79882000233EB8 = {
						CreatedOnToolsVersion = 14.3.1;
						TestTargetID = A63E440F2A7976D200233EB8;
					};
				};
			};
			buildConfigurationList = A63E440B2A7976D200233EB8 /* Build configuration list for PBXProject "SortingHat" */;
			compatibilityVersion = "Xcode 14.0";
			developmentRegion = en;
			hasScannedForEncodings = 0;
			knownRegions = (
				en,
				Base,
			);
			mainGroup = A63E44072A7976D200233EB8;
			productRefGroup = A63E44112A7976D200233EB8 /* Products */;
			projectDirPath = "";
			projectRoot = "";
			targets = (
				A63E440F2A7976D200233EB8 /* SortingHat */,
				A63E442E2A79882000233EB8 /* SortingHatTests */,
			);
		};
/* End PBXProject section */

/* Begin PBXResourcesBuildPhase section */
		A63E440E2A7976D200233EB8 /* Resources */ = {
			isa = PBXResourcesBuildPhase;
			buildActionMask = 2147483647;
			files = (
				A63E441B2A7976D300233EB8 /* Preview Assets.xcassets in Resources */,
				A63E44182A7976D300233EB8 /* Assets.xcassets in Resources */,
			);
			runOnlyForDeploymentPostprocessing = 0;
		};
		A63E442D2A79882000233EB8 /* Resources */ = {
			isa = PBXResourcesBuildPhase;
			buildActionMask = 2147483647;
			files = (
			);
			runOnlyForDeploymentPostprocessing = 0;
		};
/* End PBXResourcesBuildPhase section */

/* Begin PBXSourcesBuildPhase section */
		A63E440C2A7976D200233EB8 /* Sources */ = {
			isa = PBXSourcesBuildPhase;
			buildActionMask = 2147483647;
			files = (
				A63E442A2A7982CE00233EB8 /* Team.swift in Sources */,
				A63E44242A79828D00233EB8 /* StudentRandomizer.swift in Sources */,
				A63E44262A7982AB00233EB8 /* Array+Extension.swift in Sources */,
				A63E44222A797B8B00233EB8 /* Learner.swift in Sources */,
				A63E44162A7976D200233EB8 /* ContentView.swift in Sources */,
				A63E44142A7976D200233EB8 /* SortingHatApp.swift in Sources */,
			);
			runOnlyForDeploymentPostprocessing = 0;
		};
		A63E442B2A79882000233EB8 /* Sources */ = {
			isa = PBXSourcesBuildPhase;
			buildActionMask = 2147483647;
			files = (
				A63E44392A79883700233EB8 /* StudentRandomizerTests.swift in Sources */,
				A63E44322A79882000233EB8 /* SortingHatTests.swift in Sources */,
			);
			runOnlyForDeploymentPostprocessing = 0;
		};
/* End PBXSourcesBuildPhase section */

/* Begin PBXTargetDependency section */
		A63E44342A79882000233EB8 /* PBXTargetDependency */ = {
			isa = PBXTargetDependency;
			target = A63E440F2A7976D200233EB8 /* SortingHat */;
			targetProxy = A63E44332A79882000233EB8 /* PBXContainerItemProxy */;
		};
/* End PBXTargetDependency section */

/* Begin XCBuildConfiguration section */
		A63E441C2A7976D300233EB8 /* Debug */ = {
			isa = XCBuildConfiguration;
			buildSettings = {
				ALWAYS_SEARCH_USER_PATHS = NO;
				CLANG_ANALYZER_NONNULL = YES;
				CLANG_ANALYZER_NUMBER_OBJECT_CONVERSION = YES_AGGRESSIVE;
				CLANG_CXX_LANGUAGE_STANDARD = "gnu++20";
				CLANG_ENABLE_MODULES = YES;
				CLANG_ENABLE_OBJC_ARC = YES;
				CLANG_ENABLE_OBJC_WEAK = YES;
				CLANG_WARN_BLOCK_CAPTURE_AUTORELEASING = YES;
				CLANG_WARN_BOOL_CONVERSION = YES;
				CLANG_WARN_COMMA = YES;
				CLANG_WARN_CONSTANT_CONVERSION = YES;
				CLANG_WARN_DEPRECATED_OBJC_IMPLEMENTATIONS = YES;
				CLANG_WARN_DIRECT_OBJC_ISA_USAGE = YES_ERROR;
				CLANG_WARN_DOCUMENTATION_COMMENTS = YES;
				CLANG_WARN_EMPTY_BODY = YES;
				CLANG_WARN_ENUM_CONVERSION = YES;
				CLANG_WARN_INFINITE_RECURSION = YES;
				CLANG_WARN_INT_CONVERSION = YES;
				CLANG_WARN_NON_LITERAL_NULL_CONVERSION = YES;
				CLANG_WARN_OBJC_IMPLICIT_RETAIN_SELF = YES;
				CLANG_WARN_OBJC_LITERAL_CONVERSION = YES;
				CLANG_WARN_OBJC_ROOT_CLASS = YES_ERROR;
				CLANG_WARN_QUOTED_INCLUDE_IN_FRAMEWORK_HEADER = YES;
				CLANG_WARN_RANGE_LOOP_ANALYSIS = YES;
				CLANG_WARN_STRICT_PROTOTYPES = YES;
				CLANG_WARN_SUSPICIOUS_MOVE = YES;
				CLANG_WARN_UNGUARDED_AVAILABILITY = YES_AGGRESSIVE;
				CLANG_WARN_UNREACHABLE_CODE = YES;
				CLANG_WARN__DUPLICATE_METHOD_MATCH = YES;
				COPY_PHASE_STRIP = NO;
				DEBUG_INFORMATION_FORMAT = dwarf;
				ENABLE_STRICT_OBJC_MSGSEND = YES;
				ENABLE_TESTABILITY = YES;
				GCC_C_LANGUAGE_STANDARD = gnu11;
				GCC_DYNAMIC_NO_PIC = NO;
				GCC_NO_COMMON_BLOCKS = YES;
				GCC_OPTIMIZATION_LEVEL = 0;
				GCC_PREPROCESSOR_DEFINITIONS = (
					"DEBUG=1",
					"$(inherited)",
				);
				GCC_WARN_64_TO_32_BIT_CONVERSION = YES;
				GCC_WARN_ABOUT_RETURN_TYPE = YES_ERROR;
				GCC_WARN_UNDECLARED_SELECTOR = YES;
				GCC_WARN_UNINITIALIZED_AUTOS = YES_AGGRESSIVE;
				GCC_WARN_UNUSED_FUNCTION = YES;
				GCC_WARN_UNUSED_VARIABLE = YES;
				IPHONEOS_DEPLOYMENT_TARGET = 16.4;
				MTL_ENABLE_DEBUG_INFO = INCLUDE_SOURCE;
				MTL_FAST_MATH = YES;
				ONLY_ACTIVE_ARCH = YES;
				SDKROOT = iphoneos;
				SWIFT_ACTIVE_COMPILATION_CONDITIONS = DEBUG;
				SWIFT_OPTIMIZATION_LEVEL = "-Onone";
			};
			name = Debug;
		};
		A63E441D2A7976D300233EB8 /* Release */ = {
			isa = XCBuildConfiguration;
			buildSettings = {
				ALWAYS_SEARCH_USER_PATHS = NO;
				CLANG_ANALYZER_NONNULL = YES;
				CLANG_ANALYZER_NUMBER_OBJECT_CONVERSION = YES_AGGRESSIVE;
				CLANG_CXX_LANGUAGE_STANDARD = "gnu++20";
				CLANG_ENABLE_MODULES = YES;
				CLANG_ENABLE_OBJC_ARC = YES;
				CLANG_ENABLE_OBJC_WEAK = YES;
				CLANG_WARN_BLOCK_CAPTURE_AUTORELEASING = YES;
				CLANG_WARN_BOOL_CONVERSION = YES;
				CLANG_WARN_COMMA = YES;
				CLANG_WARN_CONSTANT_CONVERSION = YES;
				CLANG_WARN_DEPRECATED_OBJC_IMPLEMENTATIONS = YES;
				CLANG_WARN_DIRECT_OBJC_ISA_USAGE = YES_ERROR;
				CLANG_WARN_DOCUMENTATION_COMMENTS = YES;
				CLANG_WARN_EMPTY_BODY = YES;
				CLANG_WARN_ENUM_CONVERSION = YES;
				CLANG_WARN_INFINITE_RECURSION = YES;
				CLANG_WARN_INT_CONVERSION = YES;
				CLANG_WARN_NON_LITERAL_NULL_CONVERSION = YES;
				CLANG_WARN_OBJC_IMPLICIT_RETAIN_SELF = YES;
				CLANG_WARN_OBJC_LITERAL_CONVERSION = YES;
				CLANG_WARN_OBJC_ROOT_CLASS = YES_ERROR;
				CLANG_WARN_QUOTED_INCLUDE_IN_FRAMEWORK_HEADER = YES;
				CLANG_WARN_RANGE_LOOP_ANALYSIS = YES;
				CLANG_WARN_STRICT_PROTOTYPES = YES;
				CLANG_WARN_SUSPICIOUS_MOVE = YES;
				CLANG_WARN_UNGUARDED_AVAILABILITY = YES_AGGRESSIVE;
				CLANG_WARN_UNREACHABLE_CODE = YES;
				CLANG_WARN__DUPLICATE_METHOD_MATCH = YES;
				COPY_PHASE_STRIP = NO;
				DEBUG_INFORMATION_FORMAT = "dwarf-with-dsym";
				ENABLE_NS_ASSERTIONS = NO;
				ENABLE_STRICT_OBJC_MSGSEND = YES;
				GCC_C_LANGUAGE_STANDARD = gnu11;
				GCC_NO_COMMON_BLOCKS = YES;
				GCC_WARN_64_TO_32_BIT_CONVERSION = YES;
				GCC_WARN_ABOUT_RETURN_TYPE = YES_ERROR;
				GCC_WARN_UNDECLARED_SELECTOR = YES;
				GCC_WARN_UNINITIALIZED_AUTOS = YES_AGGRESSIVE;
				GCC_WARN_UNUSED_FUNCTION = YES;
				GCC_WARN_UNUSED_VARIABLE = YES;
				IPHONEOS_DEPLOYMENT_TARGET = 16.4;
				MTL_ENABLE_DEBUG_INFO = NO;
				MTL_FAST_MATH = YES;
				SDKROOT = iphoneos;
				SWIFT_COMPILATION_MODE = wholemodule;
				SWIFT_OPTIMIZATION_LEVEL = "-O";
				VALIDATE_PRODUCT = YES;
			};
			name = Release;
		};
		A63E441F2A7976D300233EB8 /* Debug */ = {
			isa = XCBuildConfiguration;
			buildSettings = {
				ASSETCATALOG_COMPILER_APPICON_NAME = AppIcon;
				ASSETCATALOG_COMPILER_GLOBAL_ACCENT_COLOR_NAME = AccentColor;
				CODE_SIGN_STYLE = Automatic;
				CURRENT_PROJECT_VERSION = 1;
				DEVELOPMENT_ASSET_PATHS = "\"SortingHat/Preview Content\"";
				DEVELOPMENT_TEAM = L8NA8XZ3DK;
				ENABLE_PREVIEWS = YES;
				GENERATE_INFOPLIST_FILE = YES;
				INFOPLIST_KEY_UIApplicationSceneManifest_Generation = YES;
				INFOPLIST_KEY_UIApplicationSupportsIndirectInputEvents = YES;
				INFOPLIST_KEY_UILaunchScreen_Generation = YES;
				INFOPLIST_KEY_UISupportedInterfaceOrientations_iPad = "UIInterfaceOrientationPortrait UIInterfaceOrientationPortraitUpsideDown UIInterfaceOrientationLandscapeLeft UIInterfaceOrientationLandscapeRight";
				INFOPLIST_KEY_UISupportedInterfaceOrientations_iPhone = "UIInterfaceOrientationPortrait UIInterfaceOrientationLandscapeLeft UIInterfaceOrientationLandscapeRight";
				LD_RUNPATH_SEARCH_PATHS = (
					"$(inherited)",
					"@executable_path/Frameworks",
				);
				MARKETING_VERSION = 1.0;
				PRODUCT_BUNDLE_IDENTIFIER = nick.SortingHat;
				PRODUCT_NAME = "$(TARGET_NAME)";
				SWIFT_EMIT_LOC_STRINGS = YES;
				SWIFT_VERSION = 5.0;
				TARGETED_DEVICE_FAMILY = "1,2";
			};
			name = Debug;
		};
		A63E44202A7976D300233EB8 /* Release */ = {
			isa = XCBuildConfiguration;
			buildSettings = {
				ASSETCATALOG_COMPILER_APPICON_NAME = AppIcon;
				ASSETCATALOG_COMPILER_GLOBAL_ACCENT_COLOR_NAME = AccentColor;
				CODE_SIGN_STYLE = Automatic;
				CURRENT_PROJECT_VERSION = 1;
				DEVELOPMENT_ASSET_PATHS = "\"SortingHat/Preview Content\"";
				DEVELOPMENT_TEAM = L8NA8XZ3DK;
				ENABLE_PREVIEWS = YES;
				GENERATE_INFOPLIST_FILE = YES;
				INFOPLIST_KEY_UIApplicationSceneManifest_Generation = YES;
				INFOPLIST_KEY_UIApplicationSupportsIndirectInputEvents = YES;
				INFOPLIST_KEY_UILaunchScreen_Generation = YES;
				INFOPLIST_KEY_UISupportedInterfaceOrientations_iPad = "UIInterfaceOrientationPortrait UIInterfaceOrientationPortraitUpsideDown UIInterfaceOrientationLandscapeLeft UIInterfaceOrientationLandscapeRight";
				INFOPLIST_KEY_UISupportedInterfaceOrientations_iPhone = "UIInterfaceOrientationPortrait UIInterfaceOrientationLandscapeLeft UIInterfaceOrientationLandscapeRight";
				LD_RUNPATH_SEARCH_PATHS = (
					"$(inherited)",
					"@executable_path/Frameworks",
				);
				MARKETING_VERSION = 1.0;
				PRODUCT_BUNDLE_IDENTIFIER = nick.SortingHat;
				PRODUCT_NAME = "$(TARGET_NAME)";
				SWIFT_EMIT_LOC_STRINGS = YES;
				SWIFT_VERSION = 5.0;
				TARGETED_DEVICE_FAMILY = "1,2";
			};
			name = Release;
		};
		A63E44362A79882000233EB8 /* Debug */ = {
			isa = XCBuildConfiguration;
			buildSettings = {
				BUNDLE_LOADER = "$(TEST_HOST)";
				CODE_SIGN_STYLE = Automatic;
				CURRENT_PROJECT_VERSION = 1;
				DEVELOPMENT_TEAM = L8NA8XZ3DK;
				GENERATE_INFOPLIST_FILE = YES;
				MARKETING_VERSION = 1.0;
				PRODUCT_BUNDLE_IDENTIFIER = nick.SortingHatTests;
				PRODUCT_NAME = "$(TARGET_NAME)";
				SWIFT_EMIT_LOC_STRINGS = NO;
				SWIFT_VERSION = 5.0;
				TARGETED_DEVICE_FAMILY = "1,2";
				TEST_HOST = "$(BUILT_PRODUCTS_DIR)/SortingHat.app/$(BUNDLE_EXECUTABLE_FOLDER_PATH)/SortingHat";
			};
			name = Debug;
		};
		A63E44372A79882000233EB8 /* Release */ = {
			isa = XCBuildConfiguration;
			buildSettings = {
				BUNDLE_LOADER = "$(TEST_HOST)";
				CODE_SIGN_STYLE = Automatic;
				CURRENT_PROJECT_VERSION = 1;
				DEVELOPMENT_TEAM = L8NA8XZ3DK;
				GENERATE_INFOPLIST_FILE = YES;
				MARKETING_VERSION = 1.0;
				PRODUCT_BUNDLE_IDENTIFIER = nick.SortingHatTests;
				PRODUCT_NAME = "$(TARGET_NAME)";
				SWIFT_EMIT_LOC_STRINGS = NO;
				SWIFT_VERSION = 5.0;
				TARGETED_DEVICE_FAMILY = "1,2";
				TEST_HOST = "$(BUILT_PRODUCTS_DIR)/SortingHat.app/$(BUNDLE_EXECUTABLE_FOLDER_PATH)/SortingHat";
			};
			name = Release;
		};
/* End XCBuildConfiguration section */

/* Begin XCConfigurationList section */
		A63E440B2A7976D200233EB8 /* Build configuration list for PBXProject "SortingHat" */ = {
			isa = XCConfigurationList;
			buildConfigurations = (
				A63E441C2A7976D300233EB8 /* Debug */,
				A63E441D2A7976D300233EB8 /* Release */,
			);
			defaultConfigurationIsVisible = 0;
			defaultConfigurationName = Release;
		};
		A63E441E2A7976D300233EB8 /* Build configuration list for PBXNativeTarget "SortingHat" */ = {
			isa = XCConfigurationList;
			buildConfigurations = (
				A63E441F2A7976D300233EB8 /* Debug */,
				A63E44202A7976D300233EB8 /* Release */,
			);
			defaultConfigurationIsVisible = 0;
			defaultConfigurationName = Release;
		};
		A63E44352A79882000233EB8 /* Build configuration list for PBXNativeTarget "SortingHatTests" */ = {
			isa = XCConfigurationList;
			buildConfigurations = (
				A63E44362A79882000233EB8 /* Debug */,
				A63E44372A79882000233EB8 /* Release */,
			);
			defaultConfigurationIsVisible = 0;
			defaultConfigurationName = Release;
		};
/* End XCConfigurationList section */
	};
	rootObject = A63E44082A7976D200233EB8 /* Project object */;
}
